
Microsoft Visual Studio Solution File, Format Version 12.00
# Visual Studio Version 16
VisualStudioVersion = 16.0.28729.10
MinimumVisualStudioVersion = 10.0.40219.1
Project("{FAE04EC0-301F-11D3-BF4B-00C04F79EFBC}") = "WebApplication6", "WebApplication6\WebApplication6.csproj", "{8D0AD842-68D2-4986-988A-0FF270B77500}"
EndProject
Global
	GlobalSection(SolutionConfigurationPlatforms) = preSolution
		Debug|Any CPU = Debug|Any CPU
		Release|Any CPU = Release|Any CPU
	EndGlobalSection
	GlobalSection(ProjectConfigurationPlatforms) = postSolution
		{8D0AD842-68D2-4986-988A-0FF270B77500}.Debug|Any CPU.ActiveCfg = Debug|Any CPU
		{8D0AD842-68D2-4986-988A-0FF270B77500}.Debug|Any CPU.Build.0 = Debug|Any CPU
		{8D0AD842-68D2-4986-988A-0FF270B77500}.Release|Any CPU.ActiveCfg = Release|Any CPU
		{8D0AD842-68D2-4986-988A-0FF270B77500}.Release|Any CPU.Build.0 = Release|Any CPU
	EndGlobalSection
	GlobalSection(SolutionProperties) = preSolution
		HideSolutionNode = FALSE
	EndGlobalSection
	GlobalSection(ExtensibilityGlobals) = postSolution
		SolutionGuid = {384DC4E6-6A5D-4A1B-A0F9-0A6650633775}
	EndGlobalSection
EndGlobal
